
Microsoft Visual Studio Solution File, Format Version 12.00
# Visual Studio Version 17
VisualStudioVersion = 17.6.33801.468
MinimumVisualStudioVersion = 10.0.40219.1
Project("{9A19103F-16F7-4668-BE54-9A1E7A4F7556}") = "ChatDummyClient", "ChatDummyClient\ChatDummyClient.csproj", "{AE6824A8-54C9-4985-AA5B-E114899C285C}"
EndProject
Project("{9A19103F-16F7-4668-BE54-9A1E7A4F7556}") = "Server", "Server\Server.csproj", "{CC1D4C3C-F07E-44AA-9475-3A5F05804F2B}"
EndProject
Project("{9A19103F-16F7-4668-BE54-9A1E7A4F7556}") = "Configuration", "Configuration\Configuration.csproj", "{55ED7120-732E-4CA7-AABD-F9D3900BF26B}"
EndProject
Project("{FAE04EC0-301F-11D3-BF4B-00C04F79EFBC}") = "Tcp", "Tcp\Tcp.csproj", "{F3335842-3356-4671-9FF7-DA9C8E260E66}"
EndProject
Global
	GlobalSection(SolutionConfigurationPlatforms) = preSolution
		Debug|Any CPU = Debug|Any CPU
		Release|Any CPU = Release|Any CPU
	EndGlobalSection
	GlobalSection(ProjectConfigurationPlatforms) = postSolution
		{AE6824A8-54C9-4985-AA5B-E114899C285C}.Debug|Any CPU.ActiveCfg = Debug|Any CPU
		{AE6824A8-54C9-4985-AA5B-E114899C285C}.Debug|Any CPU.Build.0 = Debug|Any CPU
		{AE6824A8-54C9-4985-AA5B-E114899C285C}.Release|Any CPU.ActiveCfg = Release|Any CPU
		{AE6824A8-54C9-4985-AA5B-E114899C285C}.Release|Any CPU.Build.0 = Release|Any CPU
		{CC1D4C3C-F07E-44AA-9475-3A5F05804F2B}.Debug|Any CPU.ActiveCfg = Debug|Any CPU
		{CC1D4C3C-F07E-44AA-9475-3A5F05804F2B}.Debug|Any CPU.Build.0 = Debug|Any CPU
		{CC1D4C3C-F07E-44AA-9475-3A5F05804F2B}.Release|Any CPU.ActiveCfg = Release|Any CPU
		{CC1D4C3C-F07E-44AA-9475-3A5F05804F2B}.Release|Any CPU.Build.0 = Release|Any CPU
		{55ED7120-732E-4CA7-AABD-F9D3900BF26B}.Debug|Any CPU.ActiveCfg = Debug|Any CPU
		{55ED7120-732E-4CA7-AABD-F9D3900BF26B}.Debug|Any CPU.Build.0 = Debug|Any CPU
		{55ED7120-732E-4CA7-AABD-F9D3900BF26B}.Release|Any CPU.ActiveCfg = Release|Any CPU
		{55ED7120-732E-4CA7-AABD-F9D3900BF26B}.Release|Any CPU.Build.0 = Release|Any CPU
		{F3335842-3356-4671-9FF7-DA9C8E260E66}.Debug|Any CPU.ActiveCfg = Debug|Any CPU
		{F3335842-3356-4671-9FF7-DA9C8E260E66}.Debug|Any CPU.Build.0 = Debug|Any CPU
		{F3335842-3356-4671-9FF7-DA9C8E260E66}.Release|Any CPU.ActiveCfg = Release|Any CPU
		{F3335842-3356-4671-9FF7-DA9C8E260E66}.Release|Any CPU.Build.0 = Release|Any CPU
	EndGlobalSection
	GlobalSection(SolutionProperties) = preSolution
		HideSolutionNode = FALSE
	EndGlobalSection
	GlobalSection(ExtensibilityGlobals) = postSolution
		SolutionGuid = {EBA39520-1A78-4281-A6DC-0F2CE2B34230}
	EndGlobalSection
EndGlobal
