
Microsoft Visual Studio Solution File, Format Version 12.00
# Visual Studio Version 17
VisualStudioVersion = 17.6.33801.468
MinimumVisualStudioVersion = 10.0.40219.1
Project("{FAE04EC0-301F-11D3-BF4B-00C04F79EFBC}") = "ExcelToJson", "ExcelToJson.csproj", "{CF0DEBF8-A61F-4524-B55A-2726AA5D1824}"
EndProject
Global
	GlobalSection(SolutionConfigurationPlatforms) = preSolution
		Debug|Any CPU = Debug|Any CPU
		Release|Any CPU = Release|Any CPU
	EndGlobalSection
	GlobalSection(ProjectConfigurationPlatforms) = postSolution
		{CF0DEBF8-A61F-4524-B55A-2726AA5D1824}.Debug|Any CPU.ActiveCfg = Debug|Any CPU
		{CF0DEBF8-A61F-4524-B55A-2726AA5D1824}.Debug|Any CPU.Build.0 = Debug|Any CPU
		{CF0DEBF8-A61F-4524-B55A-2726AA5D1824}.Release|Any CPU.ActiveCfg = Release|Any CPU
		{CF0DEBF8-A61F-4524-B55A-2726AA5D1824}.Release|Any CPU.Build.0 = Release|Any CPU
	EndGlobalSection
	GlobalSection(SolutionProperties) = preSolution
		HideSolutionNode = FALSE
	EndGlobalSection
	GlobalSection(ExtensibilityGlobals) = postSolution
		SolutionGuid = {EBA39520-1A78-4281-A6DC-0F2CE2B34230}
	EndGlobalSection
EndGlobal
